// !$*UTF8*$!
{
	archiveVersion = 1;
	classes = {
	};
	objectVersion = 46;
	objects = {

/* Begin PBXBuildFile section */
		3C5FB0FC1C5681E300553EBF /* Bird.m in Sources */ = {isa = PBXBuildFile; fileRef = 3C5FB0FB1C5681E300553EBF /* Bird.m */; };
		3C73F67F1C51292500A7C05C /* main.m in Sources */ = {isa = PBXBuildFile; fileRef = 3C73F67E1C51292500A7C05C /* main.m */; };
		3C73F68A1C51EE3700A7C05C /* People.m in Sources */ = {isa = PBXBuildFile; fileRef = 3C73F6891C51EE3700A7C05C /* People.m */; };
/* End PBXBuildFile section */

/* Begin PBXCopyFilesBuildPhase section */
		3C73F6791C51292500A7C05C /* CopyFiles */ = {
			isa = PBXCopyFilesBuildPhase;
			buildActionMask = 2147483647;
			dstPath = /usr/share/man/man1/;
			dstSubfolderSpec = 0;
			files = (
			);
			runOnlyForDeploymentPostprocessing = 1;
		};
/* End PBXCopyFilesBuildPhase section */

/* Begin PBXFileReference section */
		3C5FB0FA1C5681E300553EBF /* Bird.h */ = {isa = PBXFileReference; fileEncoding = 4; lastKnownFileType = sourcecode.c.h; path = Bird.h; sourceTree = "<group>"; };
		3C5FB0FB1C5681E300553EBF /* Bird.m */ = {isa = PBXFileReference; fileEncoding = 4; lastKnownFileType = sourcecode.c.objc; path = Bird.m; sourceTree = "<group>"; };
		3C73F67B1C51292500A7C05C /* runtimeTest */ = {isa = PBXFileReference; explicitFileType = "compiled.mach-o.executable"; includeInIndex = 0; path = runtimeTest; sourceTree = BUILT_PRODUCTS_DIR; };
		3C73F67E1C51292500A7C05C /* main.m */ = {isa = PBXFileReference; lastKnownFileType = sourcecode.c.objc; path = main.m; sourceTree = "<group>"; };
		3C73F6881C51EE3700A7C05C /* People.h */ = {isa = PBXFileReference; fileEncoding = 4; lastKnownFileType = sourcecode.c.h; path = People.h; sourceTree = "<group>"; };
		3C73F6891C51EE3700A7C05C /* People.m */ = {isa = PBXFileReference; fileEncoding = 4; lastKnownFileType = sourcecode.c.objc; path = People.m; sourceTree = "<group>"; };
/* End PBXFileReference section */

/* Begin PBXFrameworksBuildPhase section */
		3C73F6781C51292500A7C05C /* Frameworks */ = {
			isa = PBXFrameworksBuildPhase;
			buildActionMask = 2147483647;
			files = (
			);
			runOnlyForDeploymentPostprocessing = 0;
		};
/* End PBXFrameworksBuildPhase section */

/* Begin PBXGroup section */
		3C73F6721C51292500A7C05C = {
			isa = PBXGroup;
			children = (
				3C73F67D1C51292500A7C05C /* runtimeTest */,
				3C73F67C1C51292500A7C05C /* Products */,
			);
			sourceTree = "<group>";
		};
		3C73F67C1C51292500A7C05C /* Products */ = {
			isa = PBXGroup;
			children = (
				3C73F67B1C51292500A7C05C /* runtimeTest */,
			);
			name = Products;
			sourceTree = "<group>";
		};
		3C73F67D1C51292500A7C05C /* runtimeTest */ = {
			isa = PBXGroup;
			children = (
				3C73F67E1C51292500A7C05C /* main.m */,
				3C73F6881C51EE3700A7C05C /* People.h */,
				3C73F6891C51EE3700A7C05C /* People.m */,
				3C5FB0FA1C5681E300553EBF /* Bird.h */,
				3C5FB0FB1C5681E300553EBF /* Bird.m */,
			);
			path = runtimeTest;
			sourceTree = "<group>";
		};
/* End PBXGroup section */

/* Begin PBXNativeTarget section */
		3C73F67A1C51292500A7C05C /* runtimeTest */ = {
			isa = PBXNativeTarget;
			buildConfigurationList = 3C73F6821C51292500A7C05C /* Build configuration list for PBXNativeTarget "runtimeTest" */;
			buildPhases = (
				3C73F6771C51292500A7C05C /* Sources */,
				3C73F6781C51292500A7C05C /* Frameworks */,
				3C73F6791C51292500A7C05C /* CopyFiles */,
			);
			buildRules = (
			);
			dependencies = (
			);
			name = runtimeTest;
			productName = runtimeTest;
			productReference = 3C73F67B1C51292500A7C05C /* runtimeTest */;
			productType = "com.apple.product-type.tool";
		};
/* End PBXNativeTarget section */

/* Begin PBXProject section */
		3C73F6731C51292500A7C05C /* Project object */ = {
			isa = PBXProject;
			attributes = {
				LastUpgradeCheck = 0720;
				ORGANIZATIONNAME = ian;
				TargetAttributes = {
					3C73F67A1C51292500A7C05C = {
						CreatedOnToolsVersion = 7.2;
					};
				};
			};
			buildConfigurationList = 3C73F6761C51292500A7C05C /* Build configuration list for PBXProject "runtimeTest" */;
			compatibilityVersion = "Xcode 3.2";
			developmentRegion = English;
			hasScannedForEncodings = 0;
			knownRegions = (
				en,
			);
			mainGroup = 3C73F6721C51292500A7C05C;
			productRefGroup = 3C73F67C1C51292500A7C05C /* Products */;
			projectDirPath = "";
			projectRoot = "";
			targets = (
				3C73F67A1C51292500A7C05C /* runtimeTest */,
			);
		};
/* End PBXProject section */

/* Begin PBXSourcesBuildPhase section */
		3C73F6771C51292500A7C05C /* Sources */ = {
			isa = PBXSourcesBuildPhase;
			buildActionMask = 2147483647;
			files = (
				3C73F68A1C51EE3700A7C05C /* People.m in Sources */,
				3C73F67F1C51292500A7C05C /* main.m in Sources */,
				3C5FB0FC1C5681E300553EBF /* Bird.m in Sources */,
			);
			runOnlyForDeploymentPostprocessing = 0;
		};
/* End PBXSourcesBuildPhase section */

/* Begin XCBuildConfiguration section */
		3C73F6801C51292500A7C05C /* Debug */ = {
			isa = XCBuildConfiguration;
			buildSettings = {
				ALWAYS_SEARCH_USER_PATHS = NO;
				CLANG_CXX_LANGUAGE_STANDARD = "gnu++0x";
				CLANG_CXX_LIBRARY = "libc++";
				CLANG_ENABLE_MODULES = YES;
				CLANG_ENABLE_OBJC_ARC = YES;
				CLANG_WARN_BOOL_CONVERSION = YES;
				CLANG_WARN_CONSTANT_CONVERSION = YES;
				CLANG_WARN_DIRECT_OBJC_ISA_USAGE = YES_ERROR;
				CLANG_WARN_EMPTY_BODY = YES;
				CLANG_WARN_ENUM_CONVERSION = YES;
				CLANG_WARN_INT_CONVERSION = YES;
				CLANG_WARN_OBJC_ROOT_CLASS = YES_ERROR;
				CLANG_WARN_UNREACHABLE_CODE = YES;
				CLANG_WARN__DUPLICATE_METHOD_MATCH = YES;
				CODE_SIGN_IDENTITY = "-";
				COPY_PHASE_STRIP = NO;
				DEBUG_INFORMATION_FORMAT = dwarf;
				ENABLE_STRICT_OBJC_MSGSEND = YES;
				ENABLE_TESTABILITY = YES;
				GCC_C_LANGUAGE_STANDARD = gnu99;
				GCC_DYNAMIC_NO_PIC = NO;
				GCC_NO_COMMON_BLOCKS = YES;
				GCC_OPTIMIZATION_LEVEL = 0;
				GCC_PREPROCESSOR_DEFINITIONS = (
					"DEBUG=1",
					"$(inherited)",
				);
				GCC_WARN_64_TO_32_BIT_CONVERSION = YES;
				GCC_WARN_ABOUT_RETURN_TYPE = YES_ERROR;
				GCC_WARN_UNDECLARED_SELECTOR = YES;
				GCC_WARN_UNINITIALIZED_AUTOS = YES_AGGRESSIVE;
				GCC_WARN_UNUSED_FUNCTION = YES;
				GCC_WARN_UNUSED_VARIABLE = YES;
				MACOSX_DEPLOYMENT_TARGET = 10.11;
				MTL_ENABLE_DEBUG_INFO = YES;
				ONLY_ACTIVE_ARCH = YES;
				SDKROOT = macosx;
			};
			name = Debug;
		};
		3C73F6811C51292500A7C05C /* Release */ = {
			isa = XCBuildConfiguration;
			buildSettings = {
				ALWAYS_SEARCH_USER_PATHS = NO;
				CLANG_CXX_LANGUAGE_STANDARD = "gnu++0x";
				CLANG_CXX_LIBRARY = "libc++";
				CLANG_ENABLE_MODULES = YES;
				CLANG_ENABLE_OBJC_ARC = YES;
				CLANG_WARN_BOOL_CONVERSION = YES;
				CLANG_WARN_CONSTANT_CONVERSION = YES;
				CLANG_WARN_DIRECT_OBJC_ISA_USAGE = YES_ERROR;
				CLANG_WARN_EMPTY_BODY = YES;
				CLANG_WARN_ENUM_CONVERSION = YES;
				CLANG_WARN_INT_CONVERSION = YES;
				CLANG_WARN_OBJC_ROOT_CLASS = YES_ERROR;
				CLANG_WARN_UNREACHABLE_CODE = YES;
				CLANG_WARN__DUPLICATE_METHOD_MATCH = YES;
				CODE_SIGN_IDENTITY = "-";
				COPY_PHASE_STRIP = NO;
				DEBUG_INFORMATION_FORMAT = "dwarf-with-dsym";
				ENABLE_NS_ASSERTIONS = NO;
				ENABLE_STRICT_OBJC_MSGSEND = YES;
				GCC_C_LANGUAGE_STANDARD = gnu99;
				GCC_NO_COMMON_BLOCKS = YES;
				GCC_WARN_64_TO_32_BIT_CONVERSION = YES;
				GCC_WARN_ABOUT_RETURN_TYPE = YES_ERROR;
				GCC_WARN_UNDECLARED_SELECTOR = YES;
				GCC_WARN_UNINITIALIZED_AUTOS = YES_AGGRESSIVE;
				GCC_WARN_UNUSED_FUNCTION = YES;
				GCC_WARN_UNUSED_VARIABLE = YES;
				MACOSX_DEPLOYMENT_TARGET = 10.11;
				MTL_ENABLE_DEBUG_INFO = NO;
				SDKROOT = macosx;
			};
			name = Release;
		};
		3C73F6831C51292500A7C05C /* Debug */ = {
			isa = XCBuildConfiguration;
			buildSettings = {
				ENABLE_STRICT_OBJC_MSGSEND = YES;
				PRODUCT_NAME = "$(TARGET_NAME)";
			};
			name = Debug;
		};
		3C73F6841C51292500A7C05C /* Release */ = {
			isa = XCBuildConfiguration;
			buildSettings = {
				ENABLE_STRICT_OBJC_MSGSEND = YES;
				PRODUCT_NAME = "$(TARGET_NAME)";
			};
			name = Release;
		};
/* End XCBuildConfiguration section */

/* Begin XCConfigurationList section */
		3C73F6761C51292500A7C05C /* Build configuration list for PBXProject "runtimeTest" */ = {
			isa = XCConfigurationList;
			buildConfigurations = (
				3C73F6801C51292500A7C05C /* Debug */,
				3C73F6811C51292500A7C05C /* Release */,
			);
			defaultConfigurationIsVisible = 0;
			defaultConfigurationName = Release;
		};
		3C73F6821C51292500A7C05C /* Build configuration list for PBXNativeTarget "runtimeTest" */ = {
			isa = XCConfigurationList;
			buildConfigurations = (
				3C73F6831C51292500A7C05C /* Debug */,
				3C73F6841C51292500A7C05C /* Release */,
			);
			defaultConfigurationIsVisible = 0;
			defaultConfigurationName = Release;
		};
/* End XCConfigurationList section */
	};
	rootObject = 3C73F6731C51292500A7C05C /* Project object */;
}
